
Microsoft Visual Studio Solution File, Format Version 12.00
# Visual Studio Version 17
VisualStudioVersion = 17.5.002.0
MinimumVisualStudioVersion = 10.0.40219.1
Project("{2150E333-8FDC-42A3-9474-1A3956D46DE8}") = "Start", "Start", "{FD0345E3-7D92-4144-AB83-9FD78F91A04D}"
EndProject
Project("{2150E333-8FDC-42A3-9474-1A3956D46DE8}") = "Files", "Files", "{532AD47B-0D8C-44BA-B4BB-688E95A1F26F}"
EndProject
Project("{9A19103F-16F7-4668-BE54-9A1E7A4F7556}") = "CreateFiles", "Start\Files\CreateFiles\CreateFiles.csproj", "{5A9323A3-8BC8-4C2F-B183-4D7ABCEA62CC}"
EndProject
Project("{9A19103F-16F7-4668-BE54-9A1E7A4F7556}") = "Directories", "Start\Files\Directories\Directories.csproj", "{BB5ED5A1-9F8B-4F61-B6B5-868548E405EF}"
EndProject
Project("{9A19103F-16F7-4668-BE54-9A1E7A4F7556}") = "FileInfo", "Start\Files\FileInfo\FileInfo.csproj", "{91ED3426-B6CC-47E3-B8E7-944F8C25625A}"
EndProject
Project("{9A19103F-16F7-4668-BE54-9A1E7A4F7556}") = "ReadWriteFiles", "Start\Files\ReadWriteFiles\ReadWriteFiles.csproj", "{5EE3475B-1736-4A00-9571-1F6AE83C1AEC}"
EndProject
Project("{2150E333-8FDC-42A3-9474-1A3956D46DE8}") = "NumbersDates", "NumbersDates", "{E7933152-694B-4023-A16D-2B874A3E074E}"
EndProject
Project("{9A19103F-16F7-4668-BE54-9A1E7A4F7556}") = "Challenge", "Start\NumbersDates\Challenge\Challenge.csproj", "{991B774D-EBF6-4E4E-AD03-B94EEB563199}"
EndProject
Project("{9A19103F-16F7-4668-BE54-9A1E7A4F7556}") = "DateTimeClass", "Start\NumbersDates\DateTimeClass\DateTimeClass.csproj", "{811304CE-0532-43F7-82C1-15867969BF3A}"
EndProject
Project("{9A19103F-16F7-4668-BE54-9A1E7A4F7556}") = "FormatDates", "Start\NumbersDates\FormatDates\FormatDates.csproj", "{8060E5C5-E8A0-459F-92A4-D5A256C962BA}"
EndProject
Project("{9A19103F-16F7-4668-BE54-9A1E7A4F7556}") = "FormatNumbers", "Start\NumbersDates\FormatNumbers\FormatNumbers.csproj", "{4A911A22-1353-4E91-8296-1A6B57BFB25D}"
EndProject
Project("{9A19103F-16F7-4668-BE54-9A1E7A4F7556}") = "ParseDates", "Start\NumbersDates\ParseDates\ParseDates.csproj", "{0771AA5E-820F-404A-8118-B49FD268ADD8}"
EndProject
Project("{9A19103F-16F7-4668-BE54-9A1E7A4F7556}") = "ParseNumbers", "Start\NumbersDates\ParseNumbers\ParseNumbers.csproj", "{512F8329-1EC8-4B32-975C-E7A7645287A6}"
EndProject
Project("{2150E333-8FDC-42A3-9474-1A3956D46DE8}") = "Overview", "Overview", "{FC6A7F68-832B-4217-ABD4-C8ED203181CD}"
EndProject
Project("{9A19103F-16F7-4668-BE54-9A1E7A4F7556}") = "DataTypes", "Start\Overview\DataTypes\DataTypes.csproj", "{A40DEF71-C428-4061-9875-7DFFEAB67578}"
EndProject
Project("{9A19103F-16F7-4668-BE54-9A1E7A4F7556}") = "GarbageCollect", "Start\Overview\GarbageCollect\GarbageCollect.csproj", "{9E636DF9-A6A4-4DDD-BB69-ACE2737D0D96}"
EndProject
Project("{9A19103F-16F7-4668-BE54-9A1E7A4F7556}") = "MyConsoleApp", "Start\Overview\MyConsoleApp\MyConsoleApp.csproj", "{1AD4AD92-FADC-4D9C-A3C1-60330BA48205}"
EndProject
Project("{2150E333-8FDC-42A3-9474-1A3956D46DE8}") = "Regex", "Regex", "{EAA2BBD7-8E80-45C2-BDDD-4C8920DA6F98}"
EndProject
Project("{9A19103F-16F7-4668-BE54-9A1E7A4F7556}") = "Challenge", "Start\Regex\Challenge\Challenge.csproj", "{C1910278-3BE1-4D13-A0F1-27FDF706D363}"
EndProject
Project("{9A19103F-16F7-4668-BE54-9A1E7A4F7556}") = "Finding", "Start\Regex\Finding\Finding.csproj", "{A21A3A88-E999-4D68-87D3-D54B477275AC}"
EndProject
Project("{9A19103F-16F7-4668-BE54-9A1E7A4F7556}") = "Replacing", "Start\Regex\Replacing\Replacing.csproj", "{BA22030C-3289-47D9-8D88-967FE7A1C8B1}"
EndProject
Project("{9A19103F-16F7-4668-BE54-9A1E7A4F7556}") = "RegexTimeouts", "Start\Regex\Timeouts\RegexTimeouts.csproj", "{DC2170DA-E739-4A48-903E-2D4ADFC4EDAE}"
EndProject
Project("{2150E333-8FDC-42A3-9474-1A3956D46DE8}") = "Strings", "Strings", "{1A1451A7-8032-481B-A393-4F0CEA545F18}"
EndProject
Project("{9A19103F-16F7-4668-BE54-9A1E7A4F7556}") = "Formatting", "Start\Strings\Formatting\Formatting.csproj", "{654B4285-DDE0-4457-96BE-59175B65A016}"
EndProject
Project("{9A19103F-16F7-4668-BE54-9A1E7A4F7556}") = "Interpolation", "Start\Strings\Interpolation\Interpolation.csproj", "{9EE66291-3BDC-4411-BF28-82CAE6309545}"
EndProject
Project("{9A19103F-16F7-4668-BE54-9A1E7A4F7556}") = "Manipulation", "Start\Strings\Manipulation\Manipulation.csproj", "{4BC1A2E4-A2C7-494A-B014-2877B3BD1789}"
EndProject
Project("{9A19103F-16F7-4668-BE54-9A1E7A4F7556}") = "Searching", "Start\Strings\Searching\Searching.csproj", "{2A77C2D9-43AC-4FA1-8176-72FCF2719341}"
EndProject
Global
	GlobalSection(SolutionConfigurationPlatforms) = preSolution
		Debug|Any CPU = Debug|Any CPU
		Release|Any CPU = Release|Any CPU
	EndGlobalSection
	GlobalSection(ProjectConfigurationPlatforms) = postSolution
		{5A9323A3-8BC8-4C2F-B183-4D7ABCEA62CC}.Debug|Any CPU.ActiveCfg = Debug|Any CPU
		{5A9323A3-8BC8-4C2F-B183-4D7ABCEA62CC}.Debug|Any CPU.Build.0 = Debug|Any CPU
		{5A9323A3-8BC8-4C2F-B183-4D7ABCEA62CC}.Release|Any CPU.ActiveCfg = Release|Any CPU
		{5A9323A3-8BC8-4C2F-B183-4D7ABCEA62CC}.Release|Any CPU.Build.0 = Release|Any CPU
		{BB5ED5A1-9F8B-4F61-B6B5-868548E405EF}.Debug|Any CPU.ActiveCfg = Debug|Any CPU
		{BB5ED5A1-9F8B-4F61-B6B5-868548E405EF}.Debug|Any CPU.Build.0 = Debug|Any CPU
		{BB5ED5A1-9F8B-4F61-B6B5-868548E405EF}.Release|Any CPU.ActiveCfg = Release|Any CPU
		{BB5ED5A1-9F8B-4F61-B6B5-868548E405EF}.Release|Any CPU.Build.0 = Release|Any CPU
		{91ED3426-B6CC-47E3-B8E7-944F8C25625A}.Debug|Any CPU.ActiveCfg = Debug|Any CPU
		{91ED3426-B6CC-47E3-B8E7-944F8C25625A}.Debug|Any CPU.Build.0 = Debug|Any CPU
		{91ED3426-B6CC-47E3-B8E7-944F8C25625A}.Release|Any CPU.ActiveCfg = Release|Any CPU
		{91ED3426-B6CC-47E3-B8E7-944F8C25625A}.Release|Any CPU.Build.0 = Release|Any CPU
		{5EE3475B-1736-4A00-9571-1F6AE83C1AEC}.Debug|Any CPU.ActiveCfg = Debug|Any CPU
		{5EE3475B-1736-4A00-9571-1F6AE83C1AEC}.Debug|Any CPU.Build.0 = Debug|Any CPU
		{5EE3475B-1736-4A00-9571-1F6AE83C1AEC}.Release|Any CPU.ActiveCfg = Release|Any CPU
		{5EE3475B-1736-4A00-9571-1F6AE83C1AEC}.Release|Any CPU.Build.0 = Release|Any CPU
		{991B774D-EBF6-4E4E-AD03-B94EEB563199}.Debug|Any CPU.ActiveCfg = Debug|Any CPU
		{991B774D-EBF6-4E4E-AD03-B94EEB563199}.Debug|Any CPU.Build.0 = Debug|Any CPU
		{991B774D-EBF6-4E4E-AD03-B94EEB563199}.Release|Any CPU.ActiveCfg = Release|Any CPU
		{991B774D-EBF6-4E4E-AD03-B94EEB563199}.Release|Any CPU.Build.0 = Release|Any CPU
		{811304CE-0532-43F7-82C1-15867969BF3A}.Debug|Any CPU.ActiveCfg = Debug|Any CPU
		{811304CE-0532-43F7-82C1-15867969BF3A}.Debug|Any CPU.Build.0 = Debug|Any CPU
		{811304CE-0532-43F7-82C1-15867969BF3A}.Release|Any CPU.ActiveCfg = Release|Any CPU
		{811304CE-0532-43F7-82C1-15867969BF3A}.Release|Any CPU.Build.0 = Release|Any CPU
		{8060E5C5-E8A0-459F-92A4-D5A256C962BA}.Debug|Any CPU.ActiveCfg = Debug|Any CPU
		{8060E5C5-E8A0-459F-92A4-D5A256C962BA}.Debug|Any CPU.Build.0 = Debug|Any CPU
		{8060E5C5-E8A0-459F-92A4-D5A256C962BA}.Release|Any CPU.ActiveCfg = Release|Any CPU
		{8060E5C5-E8A0-459F-92A4-D5A256C962BA}.Release|Any CPU.Build.0 = Release|Any CPU
		{4A911A22-1353-4E91-8296-1A6B57BFB25D}.Debug|Any CPU.ActiveCfg = Debug|Any CPU
		{4A911A22-1353-4E91-8296-1A6B57BFB25D}.Debug|Any CPU.Build.0 = Debug|Any CPU
		{4A911A22-1353-4E91-8296-1A6B57BFB25D}.Release|Any CPU.ActiveCfg = Release|Any CPU
		{4A911A22-1353-4E91-8296-1A6B57BFB25D}.Release|Any CPU.Build.0 = Release|Any CPU
		{0771AA5E-820F-404A-8118-B49FD268ADD8}.Debug|Any CPU.ActiveCfg = Debug|Any CPU
		{0771AA5E-820F-404A-8118-B49FD268ADD8}.Debug|Any CPU.Build.0 = Debug|Any CPU
		{0771AA5E-820F-404A-8118-B49FD268ADD8}.Release|Any CPU.ActiveCfg = Release|Any CPU
		{0771AA5E-820F-404A-8118-B49FD268ADD8}.Release|Any CPU.Build.0 = Release|Any CPU
		{512F8329-1EC8-4B32-975C-E7A7645287A6}.Debug|Any CPU.ActiveCfg = Debug|Any CPU
		{512F8329-1EC8-4B32-975C-E7A7645287A6}.Debug|Any CPU.Build.0 = Debug|Any CPU
		{512F8329-1EC8-4B32-975C-E7A7645287A6}.Release|Any CPU.ActiveCfg = Release|Any CPU
		{512F8329-1EC8-4B32-975C-E7A7645287A6}.Release|Any CPU.Build.0 = Release|Any CPU
		{A40DEF71-C428-4061-9875-7DFFEAB67578}.Debug|Any CPU.ActiveCfg = Debug|Any CPU
		{A40DEF71-C428-4061-9875-7DFFEAB67578}.Debug|Any CPU.Build.0 = Debug|Any CPU
		{A40DEF71-C428-4061-9875-7DFFEAB67578}.Release|Any CPU.ActiveCfg = Release|Any CPU
		{A40DEF71-C428-4061-9875-7DFFEAB67578}.Release|Any CPU.Build.0 = Release|Any CPU
		{9E636DF9-A6A4-4DDD-BB69-ACE2737D0D96}.Debug|Any CPU.ActiveCfg = Debug|Any CPU
		{9E636DF9-A6A4-4DDD-BB69-ACE2737D0D96}.Debug|Any CPU.Build.0 = Debug|Any CPU
		{9E636DF9-A6A4-4DDD-BB69-ACE2737D0D96}.Release|Any CPU.ActiveCfg = Release|Any CPU
		{9E636DF9-A6A4-4DDD-BB69-ACE2737D0D96}.Release|Any CPU.Build.0 = Release|Any CPU
		{1AD4AD92-FADC-4D9C-A3C1-60330BA48205}.Debug|Any CPU.ActiveCfg = Debug|Any CPU
		{1AD4AD92-FADC-4D9C-A3C1-60330BA48205}.Debug|Any CPU.Build.0 = Debug|Any CPU
		{1AD4AD92-FADC-4D9C-A3C1-60330BA48205}.Release|Any CPU.ActiveCfg = Release|Any CPU
		{1AD4AD92-FADC-4D9C-A3C1-60330BA48205}.Release|Any CPU.Build.0 = Release|Any CPU
		{C1910278-3BE1-4D13-A0F1-27FDF706D363}.Debug|Any CPU.ActiveCfg = Debug|Any CPU
		{C1910278-3BE1-4D13-A0F1-27FDF706D363}.Debug|Any CPU.Build.0 = Debug|Any CPU
		{C1910278-3BE1-4D13-A0F1-27FDF706D363}.Release|Any CPU.ActiveCfg = Release|Any CPU
		{C1910278-3BE1-4D13-A0F1-27FDF706D363}.Release|Any CPU.Build.0 = Release|Any CPU
		{A21A3A88-E999-4D68-87D3-D54B477275AC}.Debug|Any CPU.ActiveCfg = Debug|Any CPU
		{A21A3A88-E999-4D68-87D3-D54B477275AC}.Debug|Any CPU.Build.0 = Debug|Any CPU
		{A21A3A88-E999-4D68-87D3-D54B477275AC}.Release|Any CPU.ActiveCfg = Release|Any CPU
		{A21A3A88-E999-4D68-87D3-D54B477275AC}.Release|Any CPU.Build.0 = Release|Any CPU
		{BA22030C-3289-47D9-8D88-967FE7A1C8B1}.Debug|Any CPU.ActiveCfg = Debug|Any CPU
		{BA22030C-3289-47D9-8D88-967FE7A1C8B1}.Debug|Any CPU.Build.0 = Debug|Any CPU
		{BA22030C-3289-47D9-8D88-967FE7A1C8B1}.Release|Any CPU.ActiveCfg = Release|Any CPU
		{BA22030C-3289-47D9-8D88-967FE7A1C8B1}.Release|Any CPU.Build.0 = Release|Any CPU
		{DC2170DA-E739-4A48-903E-2D4ADFC4EDAE}.Debug|Any CPU.ActiveCfg = Debug|Any CPU
		{DC2170DA-E739-4A48-903E-2D4ADFC4EDAE}.Debug|Any CPU.Build.0 = Debug|Any CPU
		{DC2170DA-E739-4A48-903E-2D4ADFC4EDAE}.Release|Any CPU.ActiveCfg = Release|Any CPU
		{DC2170DA-E739-4A48-903E-2D4ADFC4EDAE}.Release|Any CPU.Build.0 = Release|Any CPU
		{654B4285-DDE0-4457-96BE-59175B65A016}.Debug|Any CPU.ActiveCfg = Debug|Any CPU
		{654B4285-DDE0-4457-96BE-59175B65A016}.Debug|Any CPU.Build.0 = Debug|Any CPU
		{654B4285-DDE0-4457-96BE-59175B65A016}.Release|Any CPU.ActiveCfg = Release|Any CPU
		{654B4285-DDE0-4457-96BE-59175B65A016}.Release|Any CPU.Build.0 = Release|Any CPU
		{9EE66291-3BDC-4411-BF28-82CAE6309545}.Debug|Any CPU.ActiveCfg = Debug|Any CPU
		{9EE66291-3BDC-4411-BF28-82CAE6309545}.Debug|Any CPU.Build.0 = Debug|Any CPU
		{9EE66291-3BDC-4411-BF28-82CAE6309545}.Release|Any CPU.ActiveCfg = Release|Any CPU
		{9EE66291-3BDC-4411-BF28-82CAE6309545}.Release|Any CPU.Build.0 = Release|Any CPU
		{4BC1A2E4-A2C7-494A-B014-2877B3BD1789}.Debug|Any CPU.ActiveCfg = Debug|Any CPU
		{4BC1A2E4-A2C7-494A-B014-2877B3BD1789}.Debug|Any CPU.Build.0 = Debug|Any CPU
		{4BC1A2E4-A2C7-494A-B014-2877B3BD1789}.Release|Any CPU.ActiveCfg = Release|Any CPU
		{4BC1A2E4-A2C7-494A-B014-2877B3BD1789}.Release|Any CPU.Build.0 = Release|Any CPU
		{2A77C2D9-43AC-4FA1-8176-72FCF2719341}.Debug|Any CPU.ActiveCfg = Debug|Any CPU
		{2A77C2D9-43AC-4FA1-8176-72FCF2719341}.Debug|Any CPU.Build.0 = Debug|Any CPU
		{2A77C2D9-43AC-4FA1-8176-72FCF2719341}.Release|Any CPU.ActiveCfg = Release|Any CPU
		{2A77C2D9-43AC-4FA1-8176-72FCF2719341}.Release|Any CPU.Build.0 = Release|Any CPU
	EndGlobalSection
	GlobalSection(SolutionProperties) = preSolution
		HideSolutionNode = FALSE
	EndGlobalSection
	GlobalSection(NestedProjects) = preSolution
		{532AD47B-0D8C-44BA-B4BB-688E95A1F26F} = {FD0345E3-7D92-4144-AB83-9FD78F91A04D}
		{5A9323A3-8BC8-4C2F-B183-4D7ABCEA62CC} = {532AD47B-0D8C-44BA-B4BB-688E95A1F26F}
		{BB5ED5A1-9F8B-4F61-B6B5-868548E405EF} = {532AD47B-0D8C-44BA-B4BB-688E95A1F26F}
		{91ED3426-B6CC-47E3-B8E7-944F8C25625A} = {532AD47B-0D8C-44BA-B4BB-688E95A1F26F}
		{5EE3475B-1736-4A00-9571-1F6AE83C1AEC} = {532AD47B-0D8C-44BA-B4BB-688E95A1F26F}
		{E7933152-694B-4023-A16D-2B874A3E074E} = {FD0345E3-7D92-4144-AB83-9FD78F91A04D}
		{991B774D-EBF6-4E4E-AD03-B94EEB563199} = {E7933152-694B-4023-A16D-2B874A3E074E}
		{811304CE-0532-43F7-82C1-15867969BF3A} = {E7933152-694B-4023-A16D-2B874A3E074E}
		{8060E5C5-E8A0-459F-92A4-D5A256C962BA} = {E7933152-694B-4023-A16D-2B874A3E074E}
		{4A911A22-1353-4E91-8296-1A6B57BFB25D} = {E7933152-694B-4023-A16D-2B874A3E074E}
		{0771AA5E-820F-404A-8118-B49FD268ADD8} = {E7933152-694B-4023-A16D-2B874A3E074E}
		{512F8329-1EC8-4B32-975C-E7A7645287A6} = {E7933152-694B-4023-A16D-2B874A3E074E}
		{FC6A7F68-832B-4217-ABD4-C8ED203181CD} = {FD0345E3-7D92-4144-AB83-9FD78F91A04D}
		{A40DEF71-C428-4061-9875-7DFFEAB67578} = {FC6A7F68-832B-4217-ABD4-C8ED203181CD}
		{9E636DF9-A6A4-4DDD-BB69-ACE2737D0D96} = {FC6A7F68-832B-4217-ABD4-C8ED203181CD}
		{1AD4AD92-FADC-4D9C-A3C1-60330BA48205} = {FC6A7F68-832B-4217-ABD4-C8ED203181CD}
		{EAA2BBD7-8E80-45C2-BDDD-4C8920DA6F98} = {FD0345E3-7D92-4144-AB83-9FD78F91A04D}
		{C1910278-3BE1-4D13-A0F1-27FDF706D363} = {EAA2BBD7-8E80-45C2-BDDD-4C8920DA6F98}
		{A21A3A88-E999-4D68-87D3-D54B477275AC} = {EAA2BBD7-8E80-45C2-BDDD-4C8920DA6F98}
		{BA22030C-3289-47D9-8D88-967FE7A1C8B1} = {EAA2BBD7-8E80-45C2-BDDD-4C8920DA6F98}
		{DC2170DA-E739-4A48-903E-2D4ADFC4EDAE} = {EAA2BBD7-8E80-45C2-BDDD-4C8920DA6F98}
		{1A1451A7-8032-481B-A393-4F0CEA545F18} = {FD0345E3-7D92-4144-AB83-9FD78F91A04D}
		{654B4285-DDE0-4457-96BE-59175B65A016} = {1A1451A7-8032-481B-A393-4F0CEA545F18}
		{9EE66291-3BDC-4411-BF28-82CAE6309545} = {1A1451A7-8032-481B-A393-4F0CEA545F18}
		{4BC1A2E4-A2C7-494A-B014-2877B3BD1789} = {1A1451A7-8032-481B-A393-4F0CEA545F18}
		{2A77C2D9-43AC-4FA1-8176-72FCF2719341} = {1A1451A7-8032-481B-A393-4F0CEA545F18}
	EndGlobalSection
	GlobalSection(ExtensibilityGlobals) = postSolution
		SolutionGuid = {76524755-8FF5-48C7-96DD-8E70A085C805}
	EndGlobalSection
EndGlobal
